// !$*UTF8*$!
{
	archiveVersion = 1;
	classes = {
	};
	objectVersion = 46;
	objects = {

/* Begin PBXBuildFile section */
		290E56001E78F344004254D7 /* slideOutMenu.framework in Frameworks */ = {isa = PBXBuildFile; fileRef = 290E55FD1E78F32F004254D7 /* slideOutMenu.framework */; };
		290E56011E78F344004254D7 /* slideOutMenu.framework in Embed Frameworks */ = {isa = PBXBuildFile; fileRef = 290E55FD1E78F32F004254D7 /* slideOutMenu.framework */; settings = {ATTRIBUTES = (CodeSignOnCopy, RemoveHeadersOnCopy, ); }; };
		290E560F1E78FEC0004254D7 /* QNConnect.framework in Frameworks */ = {isa = PBXBuildFile; fileRef = 290E560C1E78FEB6004254D7 /* QNConnect.framework */; };
		290E56101E78FEC0004254D7 /* QNConnect.framework in Embed Frameworks */ = {isa = PBXBuildFile; fileRef = 290E560C1E78FEB6004254D7 /* QNConnect.framework */; settings = {ATTRIBUTES = (CodeSignOnCopy, RemoveHeadersOnCopy, ); }; };
		291562851EA43158000B7623 /* YapDatabase.framework in Frameworks */ = {isa = PBXBuildFile; fileRef = 29B20F231EA4310F00480C9F /* YapDatabase.framework */; };
		291562861EA43158000B7623 /* YapDatabase.framework in Embed Frameworks */ = {isa = PBXBuildFile; fileRef = 29B20F231EA4310F00480C9F /* YapDatabase.framework */; settings = {ATTRIBUTES = (CodeSignOnCopy, RemoveHeadersOnCopy, ); }; };
		2915B69C1E7DC14300AC592C /* FontAwesome.framework in Frameworks */ = {isa = PBXBuildFile; fileRef = 2915B69B1E7DC14300AC592C /* FontAwesome.framework */; };
		2915B69D1E7DC14300AC592C /* FontAwesome.framework in Embed Frameworks */ = {isa = PBXBuildFile; fileRef = 2915B69B1E7DC14300AC592C /* FontAwesome.framework */; settings = {ATTRIBUTES = (CodeSignOnCopy, RemoveHeadersOnCopy, ); }; };
		295309501E77719300502412 /* QNNote.swift in Sources */ = {isa = PBXBuildFile; fileRef = 2953094F1E77719300502412 /* QNNote.swift */; };
		295309531E7771CB00502412 /* noteViewController.swift in Sources */ = {isa = PBXBuildFile; fileRef = 295309521E7771CB00502412 /* noteViewController.swift */; };
		295CEF201E8C03B700B21522 /* CKMgr.swift in Sources */ = {isa = PBXBuildFile; fileRef = 295CEF1F1E8C03B700B21522 /* CKMgr.swift */; };
		299453011E731E3E000BE2E0 /* AppDelegate.swift in Sources */ = {isa = PBXBuildFile; fileRef = 299453001E731E3E000BE2E0 /* AppDelegate.swift */; };
		299453061E731E3E000BE2E0 /* Main.storyboard in Resources */ = {isa = PBXBuildFile; fileRef = 299453041E731E3E000BE2E0 /* Main.storyboard */; };
		299453081E731E3E000BE2E0 /* Assets.xcassets in Resources */ = {isa = PBXBuildFile; fileRef = 299453071E731E3E000BE2E0 /* Assets.xcassets */; };
		2994530B1E731E3E000BE2E0 /* LaunchScreen.storyboard in Resources */ = {isa = PBXBuildFile; fileRef = 299453091E731E3E000BE2E0 /* LaunchScreen.storyboard */; };
		299453421E731F89000BE2E0 /* photo-camera.svg in Resources */ = {isa = PBXBuildFile; fileRef = 299453411E731F89000BE2E0 /* photo-camera.svg */; };
		299453501E7322F7000BE2E0 /* CocoaLumberjack.framework in Embed Frameworks */ = {isa = PBXBuildFile; fileRef = 2994533F1E731EB6000BE2E0 /* CocoaLumberjack.framework */; settings = {ATTRIBUTES = (CodeSignOnCopy, RemoveHeadersOnCopy, ); }; };
		299453531E73246E000BE2E0 /* quill.svg in Resources */ = {isa = PBXBuildFile; fileRef = 299453521E73246E000BE2E0 /* quill.svg */; };
		299453551E7328C1000BE2E0 /* PhotoViewController.swift in Sources */ = {isa = PBXBuildFile; fileRef = 299453541E7328C1000BE2E0 /* PhotoViewController.swift */; };
		299A93911E7F863B00CC20C0 /* IQKeyboardManagerSwift.framework in Frameworks */ = {isa = PBXBuildFile; fileRef = 299A93901E7F863B00CC20C0 /* IQKeyboardManagerSwift.framework */; };
		299A93921E7F863B00CC20C0 /* IQKeyboardManagerSwift.framework in Embed Frameworks */ = {isa = PBXBuildFile; fileRef = 299A93901E7F863B00CC20C0 /* IQKeyboardManagerSwift.framework */; settings = {ATTRIBUTES = (CodeSignOnCopy, RemoveHeadersOnCopy, ); }; };
		29C44C031E7A1D6B00077E82 /* CloudKit.framework in Frameworks */ = {isa = PBXBuildFile; fileRef = 29C44C021E7A1D6B00077E82 /* CloudKit.framework */; };
		29D4F3211E7A4B26002AC375 /* richTextEditor.swift in Sources */ = {isa = PBXBuildFile; fileRef = 29D4F3201E7A4B26002AC375 /* richTextEditor.swift */; };
		29D9C3E81E7EF40F005292E7 /* QuickNote_Database.framework in Embed Frameworks */ = {isa = PBXBuildFile; fileRef = 29D9C3DB1E7EF3A3005292E7 /* QuickNote_Database.framework */; settings = {ATTRIBUTES = (CodeSignOnCopy, RemoveHeadersOnCopy, ); }; };
		29E5C1221E7C4F7D004C1D5E /* Cartfile in Resources */ = {isa = PBXBuildFile; fileRef = 29E5C1211E7C4F7D004C1D5E /* Cartfile */; };
		29F7BB641E7AFE04002AB884 /* CPViewController.xib in Resources */ = {isa = PBXBuildFile; fileRef = 29F7BB621E7AFE04002AB884 /* CPViewController.xib */; };
		29F7BB6C1E7B007B002AB884 /* ye3TY.png in Resources */ = {isa = PBXBuildFile; fileRef = 29F7BB6B1E7B007B002AB884 /* ye3TY.png */; };
/* End PBXBuildFile section */

/* Begin PBXContainerItemProxy section */
		290E55FC1E78F32F004254D7 /* PBXContainerItemProxy */ = {
			isa = PBXContainerItemProxy;
			containerPortal = 290E55F81E78F32F004254D7 /* slideOutMenu.xcodeproj */;
			proxyType = 2;
			remoteGlobalIDString = 2904ECE71E78C92E0094714B;
			remoteInfo = slideOutMenu;
		};
		290E55FE1E78F336004254D7 /* PBXContainerItemProxy */ = {
			isa = PBXContainerItemProxy;
			containerPortal = 290E55F81E78F32F004254D7 /* slideOutMenu.xcodeproj */;
			proxyType = 1;
			remoteGlobalIDString = 2904ECE61E78C92E0094714B;
			remoteInfo = slideOutMenu;
		};
		290E56021E78F344004254D7 /* PBXContainerItemProxy */ = {
			isa = PBXContainerItemProxy;
			containerPortal = 290E55F81E78F32F004254D7 /* slideOutMenu.xcodeproj */;
			proxyType = 1;
			remoteGlobalIDString = 2904ECE61E78C92E0094714B;
			remoteInfo = slideOutMenu;
		};
		290E560B1E78FEB6004254D7 /* PBXContainerItemProxy */ = {
			isa = PBXContainerItemProxy;
			containerPortal = 290E56061E78FEB6004254D7 /* Quicknote-Connect.xcodeproj */;
			proxyType = 2;
			remoteGlobalIDString = 2994539E1E732BB0000BE2E0;
			remoteInfo = "QuickNote-Connect-iOS";
		};
		290E560D1E78FEB6004254D7 /* PBXContainerItemProxy */ = {
			isa = PBXContainerItemProxy;
			containerPortal = 290E56061E78FEB6004254D7 /* Quicknote-Connect.xcodeproj */;
			proxyType = 2;
			remoteGlobalIDString = 299453AC1E732BCF000BE2E0;
			remoteInfo = "QuickNote-Connect-macOS";
		};
		290E56111E78FEC0004254D7 /* PBXContainerItemProxy */ = {
			isa = PBXContainerItemProxy;
			containerPortal = 290E56061E78FEB6004254D7 /* Quicknote-Connect.xcodeproj */;
			proxyType = 1;
			remoteGlobalIDString = 2994539D1E732BB0000BE2E0;
			remoteInfo = "QuickNote-Connect-iOS";
		};
		291562781EA43134000B7623 /* PBXContainerItemProxy */ = {
			isa = PBXContainerItemProxy;
			containerPortal = 29B20F121EA4310F00480C9F /* YapDatabase.xcodeproj */;
			proxyType = 1;
			remoteGlobalIDString = DCF7C2BD1BCC8E870087ED39;
			remoteInfo = "YapDatabase-iOS";
		};
		291562871EA43158000B7623 /* PBXContainerItemProxy */ = {
			isa = PBXContainerItemProxy;
			containerPortal = 29B20F121EA4310F00480C9F /* YapDatabase.xcodeproj */;
			proxyType = 1;
			remoteGlobalIDString = DCF7C2BD1BCC8E870087ED39;
			remoteInfo = "YapDatabase-iOS";
		};
		291EEC161EA440C600181E97 /* PBXContainerItemProxy */ = {
			isa = PBXContainerItemProxy;
			containerPortal = 291EEC001EA440C500181E97 /* YapDatabase.xcodeproj */;
			proxyType = 2;
			remoteGlobalIDString = DCF7C2AE1BCC8E610087ED39;
			remoteInfo = "YapDatabase-macOS";
		};
		291EEC181EA440C600181E97 /* PBXContainerItemProxy */ = {
			isa = PBXContainerItemProxy;
			containerPortal = 291EEC001EA440C500181E97 /* YapDatabase.xcodeproj */;
			proxyType = 2;
			remoteGlobalIDString = DCF7C2BE1BCC8E870087ED39;
			remoteInfo = "YapDatabase-iOS";
		};
		291EEC1A1EA440C600181E97 /* PBXContainerItemProxy */ = {
			isa = PBXContainerItemProxy;
			containerPortal = 291EEC001EA440C500181E97 /* YapDatabase.xcodeproj */;
			proxyType = 2;
			remoteGlobalIDString = DCE760911D78ADEF009C83A0;
			remoteInfo = "YapDatabase-tvOS";
		};
		291EEC1C1EA440C600181E97 /* PBXContainerItemProxy */ = {
			isa = PBXContainerItemProxy;
			containerPortal = 291EEC001EA440C500181E97 /* YapDatabase.xcodeproj */;
			proxyType = 2;
			remoteGlobalIDString = DC1E7D031D80C901000721B8;
			remoteInfo = "YapDatabase-watchOS";
		};
		291EEC1E1EA440C600181E97 /* PBXContainerItemProxy */ = {
			isa = PBXContainerItemProxy;
			containerPortal = 291EEC001EA440C500181E97 /* YapDatabase.xcodeproj */;
			proxyType = 2;
			remoteGlobalIDString = DCD8815D1BE94C9300317214;
			remoteInfo = "TestModuleMap-macOS";
		};
		291EEC201EA440C600181E97 /* PBXContainerItemProxy */ = {
			isa = PBXContainerItemProxy;
			containerPortal = 291EEC001EA440C500181E97 /* YapDatabase.xcodeproj */;
			proxyType = 2;
			remoteGlobalIDString = DCD881291BE93C1000317214;
			remoteInfo = "TestModuleMap-iOS";
		};
		291EEC221EA440C600181E97 /* PBXContainerItemProxy */ = {
			isa = PBXContainerItemProxy;
			containerPortal = 291EEC001EA440C500181E97 /* YapDatabase.xcodeproj */;
			proxyType = 2;
			remoteGlobalIDString = DCE7616C1D78B899009C83A0;
			remoteInfo = "TestModuleMap-tvOS";
		};
		291EEC241EA440C600181E97 /* PBXContainerItemProxy */ = {
			isa = PBXContainerItemProxy;
			containerPortal = 291EEC001EA440C500181E97 /* YapDatabase.xcodeproj */;
			proxyType = 2;
			remoteGlobalIDString = DC6266C91D80D3E000557968;
			remoteInfo = "TestModuleMap-watchOS";
		};
		291EEC261EA440C600181E97 /* PBXContainerItemProxy */ = {
			isa = PBXContainerItemProxy;
			containerPortal = 291EEC001EA440C500181E97 /* YapDatabase.xcodeproj */;
			proxyType = 2;
			remoteGlobalIDString = DC6266D51D80D3E000557968;
			remoteInfo = "TestModuleMap-watchOS Extension";
		};
		29B20F201EA4310F00480C9F /* PBXContainerItemProxy */ = {
			isa = PBXContainerItemProxy;
			containerPortal = 29B20F121EA4310F00480C9F /* YapDatabase.xcodeproj */;
			proxyType = 2;
			remoteGlobalIDString = DCF7C2AE1BCC8E610087ED39;
			remoteInfo = "YapDatabase-macOS";
		};
		29B20F221EA4310F00480C9F /* PBXContainerItemProxy */ = {
			isa = PBXContainerItemProxy;
			containerPortal = 29B20F121EA4310F00480C9F /* YapDatabase.xcodeproj */;
			proxyType = 2;
			remoteGlobalIDString = DCF7C2BE1BCC8E870087ED39;
			remoteInfo = "YapDatabase-iOS";
		};
		29B20F241EA4310F00480C9F /* PBXContainerItemProxy */ = {
			isa = PBXContainerItemProxy;
			containerPortal = 29B20F121EA4310F00480C9F /* YapDatabase.xcodeproj */;
			proxyType = 2;
			remoteGlobalIDString = DCE760911D78ADEF009C83A0;
			remoteInfo = "YapDatabase-tvOS";
		};
		29B20F261EA4310F00480C9F /* PBXContainerItemProxy */ = {
			isa = PBXContainerItemProxy;
			containerPortal = 29B20F121EA4310F00480C9F /* YapDatabase.xcodeproj */;
			proxyType = 2;
			remoteGlobalIDString = DC1E7D031D80C901000721B8;
			remoteInfo = "YapDatabase-watchOS";
		};
		29B20F281EA4310F00480C9F /* PBXContainerItemProxy */ = {
			isa = PBXContainerItemProxy;
			containerPortal = 29B20F121EA4310F00480C9F /* YapDatabase.xcodeproj */;
			proxyType = 2;
			remoteGlobalIDString = DCD8815D1BE94C9300317214;
			remoteInfo = "TestModuleMap-macOS";
		};
		29B20F2A1EA4310F00480C9F /* PBXContainerItemProxy */ = {
			isa = PBXContainerItemProxy;
			containerPortal = 29B20F121EA4310F00480C9F /* YapDatabase.xcodeproj */;
			proxyType = 2;
			remoteGlobalIDString = DCD881291BE93C1000317214;
			remoteInfo = "TestModuleMap-iOS";
		};
		29B20F2C1EA4310F00480C9F /* PBXContainerItemProxy */ = {
			isa = PBXContainerItemProxy;
			containerPortal = 29B20F121EA4310F00480C9F /* YapDatabase.xcodeproj */;
			proxyType = 2;
			remoteGlobalIDString = DCE7616C1D78B899009C83A0;
			remoteInfo = "TestModuleMap-tvOS";
		};
		29B20F2E1EA4310F00480C9F /* PBXContainerItemProxy */ = {
			isa = PBXContainerItemProxy;
			containerPortal = 29B20F121EA4310F00480C9F /* YapDatabase.xcodeproj */;
			proxyType = 2;
			remoteGlobalIDString = DC6266C91D80D3E000557968;
			remoteInfo = "TestModuleMap-watchOS";
		};
		29B20F301EA4310F00480C9F /* PBXContainerItemProxy */ = {
			isa = PBXContainerItemProxy;
			containerPortal = 29B20F121EA4310F00480C9F /* YapDatabase.xcodeproj */;
			proxyType = 2;
			remoteGlobalIDString = DC6266D51D80D3E000557968;
			remoteInfo = "TestModuleMap-watchOS Extension";
		};
		29D9C3DA1E7EF3A3005292E7 /* PBXContainerItemProxy */ = {
			isa = PBXContainerItemProxy;
			containerPortal = 29D9C3D41E7EF3A2005292E7 /* QuickNote-Database.xcodeproj */;
			proxyType = 2;
			remoteGlobalIDString = 295D91141E7EF1AE003C132F;
			remoteInfo = "QuickNote Database (iOS)";
		};
		29D9C3DC1E7EF3A3005292E7 /* PBXContainerItemProxy */ = {
			isa = PBXContainerItemProxy;
			containerPortal = 29D9C3D41E7EF3A2005292E7 /* QuickNote-Database.xcodeproj */;
			proxyType = 2;
			remoteGlobalIDString = 295D91211E7EF1C4003C132F;
			remoteInfo = "QuickNote Database (macOS)";
		};
		29D9C3E61E7EF3E4005292E7 /* PBXContainerItemProxy */ = {
			isa = PBXContainerItemProxy;
			containerPortal = 29D9C3D41E7EF3A2005292E7 /* QuickNote-Database.xcodeproj */;
			proxyType = 1;
			remoteGlobalIDString = 295D91131E7EF1AE003C132F;
			remoteInfo = "QuickNote Database (iOS)";
		};
/* End PBXContainerItemProxy section */

/* Begin PBXCopyFilesBuildPhase section */
		299453511E7322F7000BE2E0 /* Embed Frameworks */ = {
			isa = PBXCopyFilesBuildPhase;
			buildActionMask = 2147483647;
			dstPath = "";
			dstSubfolderSpec = 10;
			files = (
				29D9C3E81E7EF40F005292E7 /* QuickNote_Database.framework in Embed Frameworks */,
				290E56101E78FEC0004254D7 /* QNConnect.framework in Embed Frameworks */,
				299453501E7322F7000BE2E0 /* CocoaLumberjack.framework in Embed Frameworks */,
				290E56011E78F344004254D7 /* slideOutMenu.framework in Embed Frameworks */,
				299A93921E7F863B00CC20C0 /* IQKeyboardManagerSwift.framework in Embed Frameworks */,
				291562861EA43158000B7623 /* YapDatabase.framework in Embed Frameworks */,
				2915B69D1E7DC14300AC592C /* FontAwesome.framework in Embed Frameworks */,
			);
			name = "Embed Frameworks";
			runOnlyForDeploymentPostprocessing = 0;
		};
/* End PBXCopyFilesBuildPhase section */

/* Begin PBXFileReference section */
		290E55F81E78F32F004254D7 /* slideOutMenu.xcodeproj */ = {isa = PBXFileReference; lastKnownFileType = "wrapper.pb-project"; name = slideOutMenu.xcodeproj; path = ../slideOutMenu/slideOutMenu.xcodeproj; sourceTree = "<group>"; };
		290E56061E78FEB6004254D7 /* Quicknote-Connect.xcodeproj */ = {isa = PBXFileReference; lastKnownFileType = "wrapper.pb-project"; name = "Quicknote-Connect.xcodeproj"; path = "../../Quicknote-Connect/Quicknote-Connect.xcodeproj"; sourceTree = "<group>"; };
		2915B69B1E7DC14300AC592C /* FontAwesome.framework */ = {isa = PBXFileReference; lastKnownFileType = wrapper.framework; name = FontAwesome.framework; path = Carthage/Build/iOS/FontAwesome.framework; sourceTree = "<group>"; };
		291EEC001EA440C500181E97 /* YapDatabase.xcodeproj */ = {isa = PBXFileReference; lastKnownFileType = "wrapper.pb-project"; name = YapDatabase.xcodeproj; path = ../YapDatabase/YapDatabase.xcodeproj; sourceTree = "<group>"; };
		2953094F1E77719300502412 /* QNNote.swift */ = {isa = PBXFileReference; fileEncoding = 4; lastKnownFileType = sourcecode.swift; path = QNNote.swift; sourceTree = "<group>"; };
		295309521E7771CB00502412 /* noteViewController.swift */ = {isa = PBXFileReference; fileEncoding = 4; lastKnownFileType = sourcecode.swift; path = noteViewController.swift; sourceTree = "<group>"; };
		295CEF1F1E8C03B700B21522 /* CKMgr.swift */ = {isa = PBXFileReference; fileEncoding = 4; lastKnownFileType = sourcecode.swift; path = CKMgr.swift; sourceTree = "<group>"; };
		299452FD1E731E3E000BE2E0 /* QuickNote.app */ = {isa = PBXFileReference; explicitFileType = wrapper.application; includeInIndex = 0; path = QuickNote.app; sourceTree = BUILT_PRODUCTS_DIR; };
		299453001E731E3E000BE2E0 /* AppDelegate.swift */ = {isa = PBXFileReference; lastKnownFileType = sourcecode.swift; path = AppDelegate.swift; sourceTree = "<group>"; };
		299453051E731E3E000BE2E0 /* Base */ = {isa = PBXFileReference; lastKnownFileType = file.storyboard; name = Base; path = Base.lproj/Main.storyboard; sourceTree = "<group>"; };
		299453071E731E3E000BE2E0 /* Assets.xcassets */ = {isa = PBXFileReference; lastKnownFileType = folder.assetcatalog; path = Assets.xcassets; sourceTree = "<group>"; };
		2994530A1E731E3E000BE2E0 /* Base */ = {isa = PBXFileReference; lastKnownFileType = file.storyboard; name = Base; path = Base.lproj/LaunchScreen.storyboard; sourceTree = "<group>"; };
		2994530C1E731E3E000BE2E0 /* Info.plist */ = {isa = PBXFileReference; lastKnownFileType = text.plist.xml; path = Info.plist; sourceTree = "<group>"; };
		2994533F1E731EB6000BE2E0 /* CocoaLumberjack.framework */ = {isa = PBXFileReference; lastKnownFileType = wrapper.framework; name = CocoaLumberjack.framework; path = "../SVGKit/3rd-party-frameworks/CocoaLumberjack-2.2.0/iOS/CocoaLumberjack.framework"; sourceTree = "<group>"; };
		299453411E731F89000BE2E0 /* photo-camera.svg */ = {isa = PBXFileReference; fileEncoding = 4; lastKnownFileType = text.xml; path = "photo-camera.svg"; sourceTree = "<group>"; };
		299453521E73246E000BE2E0 /* quill.svg */ = {isa = PBXFileReference; fileEncoding = 4; lastKnownFileType = text.xml; path = quill.svg; sourceTree = "<group>"; };
		299453541E7328C1000BE2E0 /* PhotoViewController.swift */ = {isa = PBXFileReference; fileEncoding = 4; lastKnownFileType = sourcecode.swift; path = PhotoViewController.swift; sourceTree = "<group>"; };
		299453DA1E7378F5000BE2E0 /* QNConnect.framework */ = {isa = PBXFileReference; lastKnownFileType = wrapper.framework; name = QNConnect.framework; path = "../../../Library/Developer/Xcode/DerivedData/Quicknote-Connect-fhxpiqxgenuogbezawdymxfxqszq/Build/Products/Debug-iphonesimulator/QNConnect.framework"; sourceTree = "<group>"; };
		299467841E88155D00FC30F5 /* ValueCoding.framework */ = {isa = PBXFileReference; lastKnownFileType = wrapper.framework; name = ValueCoding.framework; path = Carthage/Build/iOS/ValueCoding.framework; sourceTree = "<group>"; };
		2994678F1E88408000FC30F5 /* QuickNote-Bridging-Header.h */ = {isa = PBXFileReference; lastKnownFileType = sourcecode.c.h; path = "QuickNote-Bridging-Header.h"; sourceTree = "<group>"; };
		299A93901E7F863B00CC20C0 /* IQKeyboardManagerSwift.framework */ = {isa = PBXFileReference; lastKnownFileType = wrapper.framework; name = IQKeyboardManagerSwift.framework; path = Carthage/Build/iOS/IQKeyboardManagerSwift.framework; sourceTree = "<group>"; };
		29B20F121EA4310F00480C9F /* YapDatabase.xcodeproj */ = {isa = PBXFileReference; lastKnownFileType = "wrapper.pb-project"; name = YapDatabase.xcodeproj; path = ../YapDatabase/YapDatabase.xcodeproj; sourceTree = "<group>"; };
		29C44C011E7A1D6700077E82 /* QuickNote.entitlements */ = {isa = PBXFileReference; lastKnownFileType = text.plist.entitlements; path = QuickNote.entitlements; sourceTree = "<group>"; };
		29C44C021E7A1D6B00077E82 /* CloudKit.framework */ = {isa = PBXFileReference; lastKnownFileType = wrapper.framework; name = CloudKit.framework; path = System/Library/Frameworks/CloudKit.framework; sourceTree = SDKROOT; };
		29D4F3201E7A4B26002AC375 /* richTextEditor.swift */ = {isa = PBXFileReference; fileEncoding = 4; lastKnownFileType = sourcecode.swift; path = richTextEditor.swift; sourceTree = "<group>"; };
		29D9C3D41E7EF3A2005292E7 /* QuickNote-Database.xcodeproj */ = {isa = PBXFileReference; lastKnownFileType = "wrapper.pb-project"; name = "QuickNote-Database.xcodeproj"; path = "../../QuickNote-Database/QuickNote-Database.xcodeproj"; sourceTree = "<group>"; };
		29E5C1211E7C4F7D004C1D5E /* Cartfile */ = {isa = PBXFileReference; fileEncoding = 4; lastKnownFileType = text; path = Cartfile; sourceTree = "<group>"; };
		29E5C1231E7C5236004C1D5E /* YapDatabase.framework */ = {isa = PBXFileReference; lastKnownFileType = wrapper.framework; name = YapDatabase.framework; path = Carthage/Build/iOS/YapDatabase.framework; sourceTree = "<group>"; };
		29F7BB621E7AFE04002AB884 /* CPViewController.xib */ = {isa = PBXFileReference; fileEncoding = 4; lastKnownFileType = file.xib; path = CPViewController.xib; sourceTree = "<group>"; };
		29F7BB6B1E7B007B002AB884 /* ye3TY.png */ = {isa = PBXFileReference; lastKnownFileType = image.png; path = ye3TY.png; sourceTree = "<group>"; };
		328C52AAA4156E904328B52F /* Pods-QuickNote.debug.xcconfig */ = {isa = PBXFileReference; includeInIndex = 1; lastKnownFileType = text.xcconfig; name = "Pods-QuickNote.debug.xcconfig"; path = "Pods/Target Support Files/Pods-QuickNote/Pods-QuickNote.debug.xcconfig"; sourceTree = "<group>"; };
		83FC62759CF3450C6331D336 /* Pods_QuickNote.framework */ = {isa = PBXFileReference; explicitFileType = wrapper.framework; includeInIndex = 0; path = Pods_QuickNote.framework; sourceTree = BUILT_PRODUCTS_DIR; };
		A02633214505FE8E374A9365 /* Pods-QuickNote.release.xcconfig */ = {isa = PBXFileReference; includeInIndex = 1; lastKnownFileType = text.xcconfig; name = "Pods-QuickNote.release.xcconfig"; path = "Pods/Target Support Files/Pods-QuickNote/Pods-QuickNote.release.xcconfig"; sourceTree = "<group>"; };
/* End PBXFileReference section */

/* Begin PBXFrameworksBuildPhase section */
		299452FA1E731E3E000BE2E0 /* Frameworks */ = {
			isa = PBXFrameworksBuildPhase;
			buildActionMask = 2147483647;
			files = (
				290E560F1E78FEC0004254D7 /* QNConnect.framework in Frameworks */,
				2915B69C1E7DC14300AC592C /* FontAwesome.framework in Frameworks */,
				291562851EA43158000B7623 /* YapDatabase.framework in Frameworks */,
				29C44C031E7A1D6B00077E82 /* CloudKit.framework in Frameworks */,
				299A93911E7F863B00CC20C0 /* IQKeyboardManagerSwift.framework in Frameworks */,
				290E56001E78F344004254D7 /* slideOutMenu.framework in Frameworks */,
			);
			runOnlyForDeploymentPostprocessing = 0;
		};
/* End PBXFrameworksBuildPhase section */

/* Begin PBXGroup section */
		290E55F91E78F32F004254D7 /* Products */ = {
			isa = PBXGroup;
			children = (
				290E55FD1E78F32F004254D7 /* slideOutMenu.framework */,
			);
			name = Products;
			sourceTree = "<group>";
		};
		290E56071E78FEB6004254D7 /* Products */ = {
			isa = PBXGroup;
			children = (
				290E560C1E78FEB6004254D7 /* QNConnect.framework */,
				290E560E1E78FEB6004254D7 /* QNConnect.framework */,
			);
			name = Products;
			sourceTree = "<group>";
		};
		291EEC011EA440C500181E97 /* Products */ = {
			isa = PBXGroup;
			children = (
				291EEC171EA440C600181E97 /* YapDatabase.framework */,
				291EEC191EA440C600181E97 /* YapDatabase.framework */,
				291EEC1B1EA440C600181E97 /* YapDatabase.framework */,
				291EEC1D1EA440C600181E97 /* YapDatabase.framework */,
				291EEC1F1EA440C600181E97 /* TestModuleMap-macOS.app */,
				291EEC211EA440C600181E97 /* TestModuleMap-iOS.app */,
				291EEC231EA440C600181E97 /* TestModuleMap-tvOS.app */,
				291EEC251EA440C600181E97 /* TestModuleMap-watchOS.app */,
				291EEC271EA440C600181E97 /* TestModuleMap-watchOS Extension.appex */,
			);
			name = Products;
			sourceTree = "<group>";
		};
		292ED1BA1E84AA0300B69A58 /* Resources */ = {
			isa = PBXGroup;
			children = (
				29F7BB6B1E7B007B002AB884 /* ye3TY.png */,
				29F7BB621E7AFE04002AB884 /* CPViewController.xib */,
				299453521E73246E000BE2E0 /* quill.svg */,
				299453411E731F89000BE2E0 /* photo-camera.svg */,
				299453041E731E3E000BE2E0 /* Main.storyboard */,
				299453071E731E3E000BE2E0 /* Assets.xcassets */,
				299453091E731E3E000BE2E0 /* LaunchScreen.storyboard */,
				2994530C1E731E3E000BE2E0 /* Info.plist */,
			);
			name = Resources;
			sourceTree = "<group>";
		};
		299452F41E731E3E000BE2E0 = {
			isa = PBXGroup;
			children = (
				291EEC001EA440C500181E97 /* YapDatabase.xcodeproj */,
				299467841E88155D00FC30F5 /* ValueCoding.framework */,
				299A93901E7F863B00CC20C0 /* IQKeyboardManagerSwift.framework */,
				2915B69B1E7DC14300AC592C /* FontAwesome.framework */,
				29E5C1211E7C4F7D004C1D5E /* Cartfile */,
				29B20F121EA4310F00480C9F /* YapDatabase.xcodeproj */,
				29D9C3D41E7EF3A2005292E7 /* QuickNote-Database.xcodeproj */,
				290E56061E78FEB6004254D7 /* Quicknote-Connect.xcodeproj */,
				290E55F81E78F32F004254D7 /* slideOutMenu.xcodeproj */,
				299452FF1E731E3E000BE2E0 /* QuickNote */,
				299452FE1E731E3E000BE2E0 /* Products */,
				2994533E1E731EB6000BE2E0 /* Frameworks */,
				C870D7DE40D563EDE93C9C00 /* Pods */,
			);
			sourceTree = "<group>";
		};
		299452FE1E731E3E000BE2E0 /* Products */ = {
			isa = PBXGroup;
			children = (
				299452FD1E731E3E000BE2E0 /* QuickNote.app */,
			);
			name = Products;
			sourceTree = "<group>";
		};
		299452FF1E731E3E000BE2E0 /* QuickNote */ = {
			isa = PBXGroup;
			children = (
				292ED1BA1E84AA0300B69A58 /* Resources */,
				29C44C011E7A1D6700077E82 /* QuickNote.entitlements */,
				299453001E731E3E000BE2E0 /* AppDelegate.swift */,
				295CEF1F1E8C03B700B21522 /* CKMgr.swift */,
				2953094F1E77719300502412 /* QNNote.swift */,
				295309521E7771CB00502412 /* noteViewController.swift */,
				29D4F3201E7A4B26002AC375 /* richTextEditor.swift */,
				299453541E7328C1000BE2E0 /* PhotoViewController.swift */,
				2994678F1E88408000FC30F5 /* QuickNote-Bridging-Header.h */,
			);
			path = QuickNote;
			sourceTree = "<group>";
		};
		2994533E1E731EB6000BE2E0 /* Frameworks */ = {
			isa = PBXGroup;
			children = (
				29E5C1231E7C5236004C1D5E /* YapDatabase.framework */,
				29C44C021E7A1D6B00077E82 /* CloudKit.framework */,
				299453DA1E7378F5000BE2E0 /* QNConnect.framework */,
				2994533F1E731EB6000BE2E0 /* CocoaLumberjack.framework */,
				83FC62759CF3450C6331D336 /* Pods_QuickNote.framework */,
			);
			name = Frameworks;
			sourceTree = "<group>";
		};
		29B20F131EA4310F00480C9F /* Products */ = {
			isa = PBXGroup;
			children = (
				29B20F211EA4310F00480C9F /* YapDatabase.framework */,
				29B20F231EA4310F00480C9F /* YapDatabase.framework */,
				29B20F251EA4310F00480C9F /* YapDatabase.framework */,
				29B20F271EA4310F00480C9F /* YapDatabase.framework */,
				29B20F291EA4310F00480C9F /* TestModuleMap-macOS.app */,
				29B20F2B1EA4310F00480C9F /* TestModuleMap-iOS.app */,
				29B20F2D1EA4310F00480C9F /* TestModuleMap-tvOS.app */,
				29B20F2F1EA4310F00480C9F /* TestModuleMap-watchOS.app */,
				29B20F311EA4310F00480C9F /* TestModuleMap-watchOS Extension.appex */,
			);
			name = Products;
			sourceTree = "<group>";
		};
		29D9C3D51E7EF3A2005292E7 /* Products */ = {
			isa = PBXGroup;
			children = (
				29D9C3DB1E7EF3A3005292E7 /* QuickNote_Database.framework */,
				29D9C3DD1E7EF3A3005292E7 /* QuickNote_Database.framework */,
			);
			name = Products;
			sourceTree = "<group>";
		};
		C870D7DE40D563EDE93C9C00 /* Pods */ = {
			isa = PBXGroup;
			children = (
				328C52AAA4156E904328B52F /* Pods-QuickNote.debug.xcconfig */,
				A02633214505FE8E374A9365 /* Pods-QuickNote.release.xcconfig */,
			);
			name = Pods;
			sourceTree = "<group>";
		};
/* End PBXGroup section */

/* Begin PBXNativeTarget section */
		299452FC1E731E3E000BE2E0 /* QuickNote */ = {
			isa = PBXNativeTarget;
			buildConfigurationList = 2994530F1E731E3E000BE2E0 /* Build configuration list for PBXNativeTarget "QuickNote" */;
			buildPhases = (
				299452F91E731E3E000BE2E0 /* Sources */,
				299452FA1E731E3E000BE2E0 /* Frameworks */,
				299452FB1E731E3E000BE2E0 /* Resources */,
				299453511E7322F7000BE2E0 /* Embed Frameworks */,
			);
			buildRules = (
			);
			dependencies = (
				291562791EA43134000B7623 /* PBXTargetDependency */,
				29D9C3E71E7EF3E4005292E7 /* PBXTargetDependency */,
				290E55FF1E78F336004254D7 /* PBXTargetDependency */,
				290E56031E78F344004254D7 /* PBXTargetDependency */,
				290E56121E78FEC0004254D7 /* PBXTargetDependency */,
				291562881EA43158000B7623 /* PBXTargetDependency */,
			);
			name = QuickNote;
			productName = QuickNote;
			productReference = 299452FD1E731E3E000BE2E0 /* QuickNote.app */;
			productType = "com.apple.product-type.application";
		};
/* End PBXNativeTarget section */

/* Begin PBXProject section */
		299452F51E731E3E000BE2E0 /* Project object */ = {
			isa = PBXProject;
			attributes = {
				LastSwiftUpdateCheck = 0820;
				LastUpgradeCheck = 0820;
				ORGANIZATIONNAME = zachal;
				TargetAttributes = {
					299452FC1E731E3E000BE2E0 = {
						CreatedOnToolsVersion = 8.2.1;
						DevelopmentTeam = 34EV25UXQD;
						LastSwiftMigration = 0820;
						ProvisioningStyle = Automatic;
						SystemCapabilities = {
							com.apple.Push = {
								enabled = 0;
							};
							com.apple.iCloud = {
								enabled = 1;
							};
						};
					};
				};
			};
			buildConfigurationList = 299452F81E731E3E000BE2E0 /* Build configuration list for PBXProject "QuickNote iOS" */;
			compatibilityVersion = "Xcode 3.2";
			developmentRegion = English;
			hasScannedForEncodings = 0;
			knownRegions = (
				en,
				Base,
			);
			mainGroup = 299452F41E731E3E000BE2E0;
			productRefGroup = 299452FE1E731E3E000BE2E0 /* Products */;
			projectDirPath = "";
			projectReferences = (
				{
					ProductGroup = 290E56071E78FEB6004254D7 /* Products */;
					ProjectRef = 290E56061E78FEB6004254D7 /* Quicknote-Connect.xcodeproj */;
				},
				{
					ProductGroup = 29D9C3D51E7EF3A2005292E7 /* Products */;
					ProjectRef = 29D9C3D41E7EF3A2005292E7 /* QuickNote-Database.xcodeproj */;
				},
				{
					ProductGroup = 290E55F91E78F32F004254D7 /* Products */;
					ProjectRef = 290E55F81E78F32F004254D7 /* slideOutMenu.xcodeproj */;
				},
				{
					ProductGroup = 29B20F131EA4310F00480C9F /* Products */;
					ProjectRef = 29B20F121EA4310F00480C9F /* YapDatabase.xcodeproj */;
				},
				{
					ProductGroup = 291EEC011EA440C500181E97 /* Products */;
					ProjectRef = 291EEC001EA440C500181E97 /* YapDatabase.xcodeproj */;
				},
			);
			projectRoot = "";
			targets = (
				299452FC1E731E3E000BE2E0 /* QuickNote */,
			);
		};
/* End PBXProject section */

/* Begin PBXReferenceProxy section */
		290E55FD1E78F32F004254D7 /* slideOutMenu.framework */ = {
			isa = PBXReferenceProxy;
			fileType = wrapper.framework;
			path = slideOutMenu.framework;
			remoteRef = 290E55FC1E78F32F004254D7 /* PBXContainerItemProxy */;
			sourceTree = BUILT_PRODUCTS_DIR;
		};
		290E560C1E78FEB6004254D7 /* QNConnect.framework */ = {
			isa = PBXReferenceProxy;
			fileType = wrapper.framework;
			path = QNConnect.framework;
			remoteRef = 290E560B1E78FEB6004254D7 /* PBXContainerItemProxy */;
			sourceTree = BUILT_PRODUCTS_DIR;
		};
		290E560E1E78FEB6004254D7 /* QNConnect.framework */ = {
			isa = PBXReferenceProxy;
			fileType = wrapper.framework;
			path = QNConnect.framework;
			remoteRef = 290E560D1E78FEB6004254D7 /* PBXContainerItemProxy */;
			sourceTree = BUILT_PRODUCTS_DIR;
		};
		291EEC171EA440C600181E97 /* YapDatabase.framework */ = {
			isa = PBXReferenceProxy;
			fileType = wrapper.framework;
			path = YapDatabase.framework;
			remoteRef = 291EEC161EA440C600181E97 /* PBXContainerItemProxy */;
			sourceTree = BUILT_PRODUCTS_DIR;
		};
		291EEC191EA440C600181E97 /* YapDatabase.framework */ = {
			isa = PBXReferenceProxy;
			fileType = wrapper.framework;
			path = YapDatabase.framework;
			remoteRef = 291EEC181EA440C600181E97 /* PBXContainerItemProxy */;
			sourceTree = BUILT_PRODUCTS_DIR;
		};
		291EEC1B1EA440C600181E97 /* YapDatabase.framework */ = {
			isa = PBXReferenceProxy;
			fileType = wrapper.framework;
			path = YapDatabase.framework;
			remoteRef = 291EEC1A1EA440C600181E97 /* PBXContainerItemProxy */;
			sourceTree = BUILT_PRODUCTS_DIR;
		};
		291EEC1D1EA440C600181E97 /* YapDatabase.framework */ = {
			isa = PBXReferenceProxy;
			fileType = wrapper.framework;
			path = YapDatabase.framework;
			remoteRef = 291EEC1C1EA440C600181E97 /* PBXContainerItemProxy */;
			sourceTree = BUILT_PRODUCTS_DIR;
		};
		291EEC1F1EA440C600181E97 /* TestModuleMap-macOS.app */ = {
			isa = PBXReferenceProxy;
			fileType = wrapper.application;
			path = "TestModuleMap-macOS.app";
			remoteRef = 291EEC1E1EA440C600181E97 /* PBXContainerItemProxy */;
			sourceTree = BUILT_PRODUCTS_DIR;
		};
		291EEC211EA440C600181E97 /* TestModuleMap-iOS.app */ = {
			isa = PBXReferenceProxy;
			fileType = wrapper.application;
			path = "TestModuleMap-iOS.app";
			remoteRef = 291EEC201EA440C600181E97 /* PBXContainerItemProxy */;
			sourceTree = BUILT_PRODUCTS_DIR;
		};
		291EEC231EA440C600181E97 /* TestModuleMap-tvOS.app */ = {
			isa = PBXReferenceProxy;
			fileType = wrapper.application;
			path = "TestModuleMap-tvOS.app";
			remoteRef = 291EEC221EA440C600181E97 /* PBXContainerItemProxy */;
			sourceTree = BUILT_PRODUCTS_DIR;
		};
		291EEC251EA440C600181E97 /* TestModuleMap-watchOS.app */ = {
			isa = PBXReferenceProxy;
			fileType = wrapper.application;
			path = "TestModuleMap-watchOS.app";
			remoteRef = 291EEC241EA440C600181E97 /* PBXContainerItemProxy */;
			sourceTree = BUILT_PRODUCTS_DIR;
		};
		291EEC271EA440C600181E97 /* TestModuleMap-watchOS Extension.appex */ = {
			isa = PBXReferenceProxy;
			fileType = "wrapper.app-extension";
			path = "TestModuleMap-watchOS Extension.appex";
			remoteRef = 291EEC261EA440C600181E97 /* PBXContainerItemProxy */;
			sourceTree = BUILT_PRODUCTS_DIR;
		};
		29B20F211EA4310F00480C9F /* YapDatabase.framework */ = {
			isa = PBXReferenceProxy;
			fileType = wrapper.framework;
			path = YapDatabase.framework;
			remoteRef = 29B20F201EA4310F00480C9F /* PBXContainerItemProxy */;
			sourceTree = BUILT_PRODUCTS_DIR;
		};
		29B20F231EA4310F00480C9F /* YapDatabase.framework */ = {
			isa = PBXReferenceProxy;
			fileType = wrapper.framework;
			path = YapDatabase.framework;
			remoteRef = 29B20F221EA4310F00480C9F /* PBXContainerItemProxy */;
			sourceTree = BUILT_PRODUCTS_DIR;
		};
		29B20F251EA4310F00480C9F /* YapDatabase.framework */ = {
			isa = PBXReferenceProxy;
			fileType = wrapper.framework;
			path = YapDatabase.framework;
			remoteRef = 29B20F241EA4310F00480C9F /* PBXContainerItemProxy */;
			sourceTree = BUILT_PRODUCTS_DIR;
		};
		29B20F271EA4310F00480C9F /* YapDatabase.framework */ = {
			isa = PBXReferenceProxy;
			fileType = wrapper.framework;
			path = YapDatabase.framework;
			remoteRef = 29B20F261EA4310F00480C9F /* PBXContainerItemProxy */;
			sourceTree = BUILT_PRODUCTS_DIR;
		};
		29B20F291EA4310F00480C9F /* TestModuleMap-macOS.app */ = {
			isa = PBXReferenceProxy;
			fileType = wrapper.application;
			path = "TestModuleMap-macOS.app";
			remoteRef = 29B20F281EA4310F00480C9F /* PBXContainerItemProxy */;
			sourceTree = BUILT_PRODUCTS_DIR;
		};
		29B20F2B1EA4310F00480C9F /* TestModuleMap-iOS.app */ = {
			isa = PBXReferenceProxy;
			fileType = wrapper.application;
			path = "TestModuleMap-iOS.app";
			remoteRef = 29B20F2A1EA4310F00480C9F /* PBXContainerItemProxy */;
			sourceTree = BUILT_PRODUCTS_DIR;
		};
		29B20F2D1EA4310F00480C9F /* TestModuleMap-tvOS.app */ = {
			isa = PBXReferenceProxy;
			fileType = wrapper.application;
			path = "TestModuleMap-tvOS.app";
			remoteRef = 29B20F2C1EA4310F00480C9F /* PBXContainerItemProxy */;
			sourceTree = BUILT_PRODUCTS_DIR;
		};
		29B20F2F1EA4310F00480C9F /* TestModuleMap-watchOS.app */ = {
			isa = PBXReferenceProxy;
			fileType = wrapper.application;
			path = "TestModuleMap-watchOS.app";
			remoteRef = 29B20F2E1EA4310F00480C9F /* PBXContainerItemProxy */;
			sourceTree = BUILT_PRODUCTS_DIR;
		};
		29B20F311EA4310F00480C9F /* TestModuleMap-watchOS Extension.appex */ = {
			isa = PBXReferenceProxy;
			fileType = "wrapper.app-extension";
			path = "TestModuleMap-watchOS Extension.appex";
			remoteRef = 29B20F301EA4310F00480C9F /* PBXContainerItemProxy */;
			sourceTree = BUILT_PRODUCTS_DIR;
		};
		29D9C3DB1E7EF3A3005292E7 /* QuickNote_Database.framework */ = {
			isa = PBXReferenceProxy;
			fileType = wrapper.framework;
			path = QuickNote_Database.framework;
			remoteRef = 29D9C3DA1E7EF3A3005292E7 /* PBXContainerItemProxy */;
			sourceTree = BUILT_PRODUCTS_DIR;
		};
		29D9C3DD1E7EF3A3005292E7 /* QuickNote_Database.framework */ = {
			isa = PBXReferenceProxy;
			fileType = wrapper.framework;
			path = QuickNote_Database.framework;
			remoteRef = 29D9C3DC1E7EF3A3005292E7 /* PBXContainerItemProxy */;
			sourceTree = BUILT_PRODUCTS_DIR;
		};
/* End PBXReferenceProxy section */

/* Begin PBXResourcesBuildPhase section */
		299452FB1E731E3E000BE2E0 /* Resources */ = {
			isa = PBXResourcesBuildPhase;
			buildActionMask = 2147483647;
			files = (
				2994530B1E731E3E000BE2E0 /* LaunchScreen.storyboard in Resources */,
				29F7BB641E7AFE04002AB884 /* CPViewController.xib in Resources */,
				29E5C1221E7C4F7D004C1D5E /* Cartfile in Resources */,
				299453081E731E3E000BE2E0 /* Assets.xcassets in Resources */,
				299453531E73246E000BE2E0 /* quill.svg in Resources */,
				299453421E731F89000BE2E0 /* photo-camera.svg in Resources */,
				299453061E731E3E000BE2E0 /* Main.storyboard in Resources */,
				29F7BB6C1E7B007B002AB884 /* ye3TY.png in Resources */,
			);
			runOnlyForDeploymentPostprocessing = 0;
		};
/* End PBXResourcesBuildPhase section */

/* Begin PBXSourcesBuildPhase section */
		299452F91E731E3E000BE2E0 /* Sources */ = {
			isa = PBXSourcesBuildPhase;
			buildActionMask = 2147483647;
			files = (
				295CEF201E8C03B700B21522 /* CKMgr.swift in Sources */,
				295309501E77719300502412 /* QNNote.swift in Sources */,
				295309531E7771CB00502412 /* noteViewController.swift in Sources */,
				29D4F3211E7A4B26002AC375 /* richTextEditor.swift in Sources */,
				299453011E731E3E000BE2E0 /* AppDelegate.swift in Sources */,
				299453551E7328C1000BE2E0 /* PhotoViewController.swift in Sources */,
			);
			runOnlyForDeploymentPostprocessing = 0;
		};
/* End PBXSourcesBuildPhase section */

/* Begin PBXTargetDependency section */
		290E55FF1E78F336004254D7 /* PBXTargetDependency */ = {
			isa = PBXTargetDependency;
			name = slideOutMenu;
			targetProxy = 290E55FE1E78F336004254D7 /* PBXContainerItemProxy */;
		};
		290E56031E78F344004254D7 /* PBXTargetDependency */ = {
			isa = PBXTargetDependency;
			name = slideOutMenu;
			targetProxy = 290E56021E78F344004254D7 /* PBXContainerItemProxy */;
		};
		290E56121E78FEC0004254D7 /* PBXTargetDependency */ = {
			isa = PBXTargetDependency;
			name = "QuickNote-Connect-iOS";
			targetProxy = 290E56111E78FEC0004254D7 /* PBXContainerItemProxy */;
		};
		291562791EA43134000B7623 /* PBXTargetDependency */ = {
			isa = PBXTargetDependency;
			name = "YapDatabase-iOS";
			targetProxy = 291562781EA43134000B7623 /* PBXContainerItemProxy */;
		};
		291562881EA43158000B7623 /* PBXTargetDependency */ = {
			isa = PBXTargetDependency;
			name = "YapDatabase-iOS";
			targetProxy = 291562871EA43158000B7623 /* PBXContainerItemProxy */;
		};
		29D9C3E71E7EF3E4005292E7 /* PBXTargetDependency */ = {
			isa = PBXTargetDependency;
			name = "QuickNote Database (iOS)";
			targetProxy = 29D9C3E61E7EF3E4005292E7 /* PBXContainerItemProxy */;
		};
/* End PBXTargetDependency section */

/* Begin PBXVariantGroup section */
		299453041E731E3E000BE2E0 /* Main.storyboard */ = {
			isa = PBXVariantGroup;
			children = (
				299453051E731E3E000BE2E0 /* Base */,
			);
			name = Main.storyboard;
			sourceTree = "<group>";
		};
		299453091E731E3E000BE2E0 /* LaunchScreen.storyboard */ = {
			isa = PBXVariantGroup;
			children = (
				2994530A1E731E3E000BE2E0 /* Base */,
			);
			name = LaunchScreen.storyboard;
			sourceTree = "<group>";
		};
/* End PBXVariantGroup section */

/* Begin XCBuildConfiguration section */
		2994530D1E731E3E000BE2E0 /* Debug */ = {
			isa = XCBuildConfiguration;
			buildSettings = {
				ALWAYS_SEARCH_USER_PATHS = NO;
				CLANG_ANALYZER_NONNULL = YES;
				CLANG_CXX_LANGUAGE_STANDARD = "gnu++0x";
				CLANG_CXX_LIBRARY = "libc++";
				CLANG_ENABLE_MODULES = YES;
				CLANG_ENABLE_OBJC_ARC = YES;
				CLANG_WARN_BOOL_CONVERSION = YES;
				CLANG_WARN_CONSTANT_CONVERSION = YES;
				CLANG_WARN_DIRECT_OBJC_ISA_USAGE = YES_ERROR;
				CLANG_WARN_DOCUMENTATION_COMMENTS = YES;
				CLANG_WARN_EMPTY_BODY = YES;
				CLANG_WARN_ENUM_CONVERSION = YES;
				CLANG_WARN_INFINITE_RECURSION = YES;
				CLANG_WARN_INT_CONVERSION = YES;
				CLANG_WARN_OBJC_ROOT_CLASS = YES_ERROR;
				CLANG_WARN_SUSPICIOUS_MOVE = YES;
				CLANG_WARN_UNREACHABLE_CODE = YES;
				CLANG_WARN__DUPLICATE_METHOD_MATCH = YES;
				"CODE_SIGN_IDENTITY[sdk=iphoneos*]" = "iPhone Developer";
				COPY_PHASE_STRIP = NO;
				DEBUG_INFORMATION_FORMAT = dwarf;
				ENABLE_STRICT_OBJC_MSGSEND = YES;
				ENABLE_TESTABILITY = YES;
				GCC_C_LANGUAGE_STANDARD = gnu99;
				GCC_DYNAMIC_NO_PIC = NO;
				GCC_NO_COMMON_BLOCKS = YES;
				GCC_OPTIMIZATION_LEVEL = 0;
				GCC_PREPROCESSOR_DEFINITIONS = (
					"DEBUG=1",
					"$(inherited)",
				);
				GCC_WARN_64_TO_32_BIT_CONVERSION = YES;
				GCC_WARN_ABOUT_RETURN_TYPE = YES_ERROR;
				GCC_WARN_UNDECLARED_SELECTOR = YES;
				GCC_WARN_UNINITIALIZED_AUTOS = YES_AGGRESSIVE;
				GCC_WARN_UNUSED_FUNCTION = YES;
				GCC_WARN_UNUSED_VARIABLE = YES;
				IPHONEOS_DEPLOYMENT_TARGET = 10.2;
				MTL_ENABLE_DEBUG_INFO = YES;
				ONLY_ACTIVE_ARCH = YES;
				SDKROOT = iphoneos;
				SWIFT_ACTIVE_COMPILATION_CONDITIONS = DEBUG;
				SWIFT_OPTIMIZATION_LEVEL = "-Onone";
				TARGETED_DEVICE_FAMILY = "1,2";
			};
			name = Debug;
		};
		2994530E1E731E3E000BE2E0 /* Release */ = {
			isa = XCBuildConfiguration;
			buildSettings = {
				ALWAYS_SEARCH_USER_PATHS = NO;
				CLANG_ANALYZER_NONNULL = YES;
				CLANG_CXX_LANGUAGE_STANDARD = "gnu++0x";
				CLANG_CXX_LIBRARY = "libc++";
				CLANG_ENABLE_MODULES = YES;
				CLANG_ENABLE_OBJC_ARC = YES;
				CLANG_WARN_BOOL_CONVERSION = YES;
				CLANG_WARN_CONSTANT_CONVERSION = YES;
				CLANG_WARN_DIRECT_OBJC_ISA_USAGE = YES_ERROR;
				CLANG_WARN_DOCUMENTATION_COMMENTS = YES;
				CLANG_WARN_EMPTY_BODY = YES;
				CLANG_WARN_ENUM_CONVERSION = YES;
				CLANG_WARN_INFINITE_RECURSION = YES;
				CLANG_WARN_INT_CONVERSION = YES;
				CLANG_WARN_OBJC_ROOT_CLASS = YES_ERROR;
				CLANG_WARN_SUSPICIOUS_MOVE = YES;
				CLANG_WARN_UNREACHABLE_CODE = YES;
				CLANG_WARN__DUPLICATE_METHOD_MATCH = YES;
				"CODE_SIGN_IDENTITY[sdk=iphoneos*]" = "iPhone Developer";
				COPY_PHASE_STRIP = NO;
				DEBUG_INFORMATION_FORMAT = "dwarf-with-dsym";
				ENABLE_NS_ASSERTIONS = NO;
				ENABLE_STRICT_OBJC_MSGSEND = YES;
				GCC_C_LANGUAGE_STANDARD = gnu99;
				GCC_NO_COMMON_BLOCKS = YES;
				GCC_WARN_64_TO_32_BIT_CONVERSION = YES;
				GCC_WARN_ABOUT_RETURN_TYPE = YES_ERROR;
				GCC_WARN_UNDECLARED_SELECTOR = YES;
				GCC_WARN_UNINITIALIZED_AUTOS = YES_AGGRESSIVE;
				GCC_WARN_UNUSED_FUNCTION = YES;
				GCC_WARN_UNUSED_VARIABLE = YES;
				IPHONEOS_DEPLOYMENT_TARGET = 10.2;
				MTL_ENABLE_DEBUG_INFO = NO;
				SDKROOT = iphoneos;
				SWIFT_OPTIMIZATION_LEVEL = "-Owholemodule";
				TARGETED_DEVICE_FAMILY = "1,2";
				VALIDATE_PRODUCT = YES;
			};
			name = Release;
		};
		299453101E731E3E000BE2E0 /* Debug */ = {
			isa = XCBuildConfiguration;
			buildSettings = {
				ALWAYS_EMBED_SWIFT_STANDARD_LIBRARIES = YES;
				ASSETCATALOG_COMPILER_APPICON_NAME = AppIcon;
				CLANG_ENABLE_MODULES = YES;
				CODE_SIGN_ENTITLEMENTS = QuickNote/QuickNote.entitlements;
				DEVELOPMENT_TEAM = 34EV25UXQD;
				FRAMEWORK_SEARCH_PATHS = (
					"$(inherited)",
					"$(PROJECT_DIR)/QuickNote/**",
					"$(SRCROOT)/**",
					"$(PROJECT_DIR)/**",
					"$(PROJECT_DIR)/Carthage/Build/iOS/**",
					"$(PROJECT_DIR)/Carthage/Build/iOS",
				);
				INFOPLIST_FILE = QuickNote/Info.plist;
				IPHONEOS_DEPLOYMENT_TARGET = 10.0;
				LD_RUNPATH_SEARCH_PATHS = "$(inherited) @executable_path/Frameworks $(PROJECT_DIR)/Carthage/Build/iOS";
				PRODUCT_BUNDLE_IDENTIFIER = "com.zachal.QuickNote-iOS";
				PRODUCT_NAME = "$(TARGET_NAME)";
				SWIFT_OBJC_BRIDGING_HEADER = "QuickNote/QuickNote-Bridging-Header.h";
				SWIFT_OPTIMIZATION_LEVEL = "-Onone";
				SWIFT_VERSION = 3.0;
			};
			name = Debug;
		};
		299453111E731E3E000BE2E0 /* Release */ = {
			isa = XCBuildConfiguration;
			buildSettings = {
				ALWAYS_EMBED_SWIFT_STANDARD_LIBRARIES = YES;
				ASSETCATALOG_COMPILER_APPICON_NAME = AppIcon;
				CLANG_ENABLE_MODULES = YES;
				CODE_SIGN_ENTITLEMENTS = QuickNote/QuickNote.entitlements;
				DEVELOPMENT_TEAM = 34EV25UXQD;
				FRAMEWORK_SEARCH_PATHS = (
					"$(inherited)",
					"$(PROJECT_DIR)/QuickNote/**",
					"$(SRCROOT)/**",
					"$(PROJECT_DIR)/**",
					"$(PROJECT_DIR)/Carthage/Build/iOS/**",
					"$(PROJECT_DIR)/Carthage/Build/iOS",
				);
				INFOPLIST_FILE = QuickNote/Info.plist;
				IPHONEOS_DEPLOYMENT_TARGET = 10.0;
				LD_RUNPATH_SEARCH_PATHS = "$(inherited) @executable_path/Frameworks $(PROJECT_DIR)/Carthage/Build/iOS";
				PRODUCT_BUNDLE_IDENTIFIER = "com.zachal.QuickNote-iOS";
				PRODUCT_NAME = "$(TARGET_NAME)";
				SWIFT_OBJC_BRIDGING_HEADER = "QuickNote/QuickNote-Bridging-Header.h";
				SWIFT_VERSION = 3.0;
			};
			name = Release;
		};
/* End XCBuildConfiguration section */

/* Begin XCConfigurationList section */
		299452F81E731E3E000BE2E0 /* Build configuration list for PBXProject "QuickNote iOS" */ = {
			isa = XCConfigurationList;
			buildConfigurations = (
				2994530D1E731E3E000BE2E0 /* Debug */,
				2994530E1E731E3E000BE2E0 /* Release */,
			);
			defaultConfigurationIsVisible = 0;
			defaultConfigurationName = Release;
		};
		2994530F1E731E3E000BE2E0 /* Build configuration list for PBXNativeTarget "QuickNote" */ = {
			isa = XCConfigurationList;
			buildConfigurations = (
				299453101E731E3E000BE2E0 /* Debug */,
				299453111E731E3E000BE2E0 /* Release */,
			);
			defaultConfigurationIsVisible = 0;
			defaultConfigurationName = Release;
		};
/* End XCConfigurationList section */
	};
	rootObject = 299452F51E731E3E000BE2E0 /* Project object */;
}
