// !$*UTF8*$!
{
	archiveVersion = 1;
	classes = {
	};
	objectVersion = 46;
	objects = {

/* Begin PBXBuildFile section */
		2933C3F11E84B73700230793 /* YapDatabase.framework in Frameworks */ = {isa = PBXBuildFile; fileRef = 2933C3ED1E84B6AC00230793 /* YapDatabase.framework */; };
		2933C3F71E84B7F000230793 /* YapDatabase.framework in CopyFiles */ = {isa = PBXBuildFile; fileRef = 2933C3ED1E84B6AC00230793 /* YapDatabase.framework */; settings = {ATTRIBUTES = (CodeSignOnCopy, RemoveHeadersOnCopy, ); }; };
		2933C3F81E84B7F800230793 /* YapDatabase.framework in CopyFiles */ = {isa = PBXBuildFile; fileRef = 29D9C3F81E7EFDF5005292E7 /* YapDatabase.framework */; settings = {ATTRIBUTES = (CodeSignOnCopy, RemoveHeadersOnCopy, ); }; };
		295D912E1E7EF252003C132F /* QuickNote Database.h in Headers */ = {isa = PBXBuildFile; fileRef = 295D912D1E7EF252003C132F /* QuickNote Database.h */; };
		295D912F1E7EF252003C132F /* QuickNote Database.h in Headers */ = {isa = PBXBuildFile; fileRef = 295D912D1E7EF252003C132F /* QuickNote Database.h */; };
		29D9C3EA1E7EF434005292E7 /* Connections.swift in Sources */ = {isa = PBXBuildFile; fileRef = 29D9C3E91E7EF434005292E7 /* Connections.swift */; };
		29D9C3EB1E7EF434005292E7 /* Connections.swift in Sources */ = {isa = PBXBuildFile; fileRef = 29D9C3E91E7EF434005292E7 /* Connections.swift */; };
		29D9C3ED1E7EF442005292E7 /* Database.swift in Sources */ = {isa = PBXBuildFile; fileRef = 29D9C3EC1E7EF442005292E7 /* Database.swift */; };
		29D9C3EE1E7EF442005292E7 /* Database.swift in Sources */ = {isa = PBXBuildFile; fileRef = 29D9C3EC1E7EF442005292E7 /* Database.swift */; };
		29D9C3F91E7EFDF5005292E7 /* YapDatabase.framework in Frameworks */ = {isa = PBXBuildFile; fileRef = 29D9C3F81E7EFDF5005292E7 /* YapDatabase.framework */; };
		29D9C3FC1E7F07E8005292E7 /* QNDatabase.swift in Sources */ = {isa = PBXBuildFile; fileRef = 29D9C3FB1E7F07E8005292E7 /* QNDatabase.swift */; };
		29D9C3FD1E7F07E8005292E7 /* QNDatabase.swift in Sources */ = {isa = PBXBuildFile; fileRef = 29D9C3FB1E7F07E8005292E7 /* QNDatabase.swift */; };
/* End PBXBuildFile section */

/* Begin PBXCopyFilesBuildPhase section */
		2933C3F61E84B7E200230793 /* CopyFiles */ = {
			isa = PBXCopyFilesBuildPhase;
			buildActionMask = 2147483647;
			dstPath = "";
			dstSubfolderSpec = 10;
			files = (
				2933C3F81E84B7F800230793 /* YapDatabase.framework in CopyFiles */,
			);
			runOnlyForDeploymentPostprocessing = 0;
		};
		29D9C3F21E7EFC28005292E7 /* CopyFiles */ = {
			isa = PBXCopyFilesBuildPhase;
			buildActionMask = 2147483647;
			dstPath = "";
			dstSubfolderSpec = 10;
			files = (
				2933C3F71E84B7F000230793 /* YapDatabase.framework in CopyFiles */,
			);
			runOnlyForDeploymentPostprocessing = 0;
		};
/* End PBXCopyFilesBuildPhase section */

/* Begin PBXFileReference section */
		2933C3ED1E84B6AC00230793 /* YapDatabase.framework */ = {isa = PBXFileReference; lastKnownFileType = wrapper.framework; name = YapDatabase.framework; path = ../OSX/QuickNote/Carthage/Build/Mac/YapDatabase.framework; sourceTree = "<group>"; };
		295D91141E7EF1AE003C132F /* QuickNote_Database.framework */ = {isa = PBXFileReference; explicitFileType = wrapper.framework; includeInIndex = 0; path = QuickNote_Database.framework; sourceTree = BUILT_PRODUCTS_DIR; };
		295D91211E7EF1C4003C132F /* QuickNote_Database.framework */ = {isa = PBXFileReference; explicitFileType = wrapper.framework; includeInIndex = 0; path = QuickNote_Database.framework; sourceTree = BUILT_PRODUCTS_DIR; };
		295D91291E7EF23B003C132F /* Info.plist */ = {isa = PBXFileReference; fileEncoding = 4; lastKnownFileType = text.plist.xml; path = Info.plist; sourceTree = "<group>"; };
		295D912D1E7EF252003C132F /* QuickNote Database.h */ = {isa = PBXFileReference; fileEncoding = 4; lastKnownFileType = sourcecode.c.h; path = "QuickNote Database.h"; sourceTree = "<group>"; };
		29D9C3E91E7EF434005292E7 /* Connections.swift */ = {isa = PBXFileReference; fileEncoding = 4; lastKnownFileType = sourcecode.swift; path = Connections.swift; sourceTree = "<group>"; };
		29D9C3EC1E7EF442005292E7 /* Database.swift */ = {isa = PBXFileReference; fileEncoding = 4; lastKnownFileType = sourcecode.swift; path = Database.swift; sourceTree = "<group>"; };
		29D9C3F81E7EFDF5005292E7 /* YapDatabase.framework */ = {isa = PBXFileReference; lastKnownFileType = wrapper.framework; path = YapDatabase.framework; sourceTree = "<group>"; };
		29D9C3FB1E7F07E8005292E7 /* QNDatabase.swift */ = {isa = PBXFileReference; fileEncoding = 4; lastKnownFileType = sourcecode.swift; path = QNDatabase.swift; sourceTree = "<group>"; };
/* End PBXFileReference section */

/* Begin PBXFrameworksBuildPhase section */
		295D91101E7EF1AE003C132F /* Frameworks */ = {
			isa = PBXFrameworksBuildPhase;
			buildActionMask = 2147483647;
			files = (
				29D9C3F91E7EFDF5005292E7 /* YapDatabase.framework in Frameworks */,
			);
			runOnlyForDeploymentPostprocessing = 0;
		};
		295D911D1E7EF1C4003C132F /* Frameworks */ = {
			isa = PBXFrameworksBuildPhase;
			buildActionMask = 2147483647;
			files = (
				2933C3F11E84B73700230793 /* YapDatabase.framework in Frameworks */,
			);
			runOnlyForDeploymentPostprocessing = 0;
		};
/* End PBXFrameworksBuildPhase section */

/* Begin PBXGroup section */
		295D90FA1E7EF142003C132F = {
			isa = PBXGroup;
			children = (
				295D91291E7EF23B003C132F /* Info.plist */,
				295D912C1E7EF252003C132F /* Sources */,
				295D91071E7EF168003C132F /* Products */,
				29D9C3E31E7EF3AE005292E7 /* Frameworks */,
			);
			sourceTree = "<group>";
		};
		295D91071E7EF168003C132F /* Products */ = {
			isa = PBXGroup;
			children = (
				295D91141E7EF1AE003C132F /* QuickNote_Database.framework */,
				295D91211E7EF1C4003C132F /* QuickNote_Database.framework */,
			);
			name = Products;
			sourceTree = "<group>";
		};
		295D912C1E7EF252003C132F /* Sources */ = {
			isa = PBXGroup;
			children = (
				29D9C3E91E7EF434005292E7 /* Connections.swift */,
				29D9C3FB1E7F07E8005292E7 /* QNDatabase.swift */,
				29D9C3EC1E7EF442005292E7 /* Database.swift */,
				295D912D1E7EF252003C132F /* QuickNote Database.h */,
			);
			path = Sources;
			sourceTree = "<group>";
		};
		29D9C3E31E7EF3AE005292E7 /* Frameworks */ = {
			isa = PBXGroup;
			children = (
				2933C3ED1E84B6AC00230793 /* YapDatabase.framework */,
				29D9C3F81E7EFDF5005292E7 /* YapDatabase.framework */,
			);
			name = Frameworks;
			sourceTree = "<group>";
		};
/* End PBXGroup section */

/* Begin PBXHeadersBuildPhase section */
		295D91111E7EF1AE003C132F /* Headers */ = {
			isa = PBXHeadersBuildPhase;
			buildActionMask = 2147483647;
			files = (
				295D912E1E7EF252003C132F /* QuickNote Database.h in Headers */,
			);
			runOnlyForDeploymentPostprocessing = 0;
		};
		295D911E1E7EF1C4003C132F /* Headers */ = {
			isa = PBXHeadersBuildPhase;
			buildActionMask = 2147483647;
			files = (
				295D912F1E7EF252003C132F /* QuickNote Database.h in Headers */,
			);
			runOnlyForDeploymentPostprocessing = 0;
		};
/* End PBXHeadersBuildPhase section */

/* Begin PBXNativeTarget section */
		295D91131E7EF1AE003C132F /* QuickNote Database (iOS) */ = {
			isa = PBXNativeTarget;
			buildConfigurationList = 295D91191E7EF1AE003C132F /* Build configuration list for PBXNativeTarget "QuickNote Database (iOS)" */;
			buildPhases = (
				2933C3F61E84B7E200230793 /* CopyFiles */,
				295D910F1E7EF1AE003C132F /* Sources */,
				295D91101E7EF1AE003C132F /* Frameworks */,
				295D91111E7EF1AE003C132F /* Headers */,
				295D91121E7EF1AE003C132F /* Resources */,
			);
			buildRules = (
			);
			dependencies = (
			);
			name = "QuickNote Database (iOS)";
			productName = "QuickNote Database (iOS)";
			productReference = 295D91141E7EF1AE003C132F /* QuickNote_Database.framework */;
			productType = "com.apple.product-type.framework";
		};
		295D91201E7EF1C4003C132F /* QuickNote Database (macOS) */ = {
			isa = PBXNativeTarget;
			buildConfigurationList = 295D91261E7EF1C4003C132F /* Build configuration list for PBXNativeTarget "QuickNote Database (macOS)" */;
			buildPhases = (
				29D9C3F21E7EFC28005292E7 /* CopyFiles */,
				295D911C1E7EF1C4003C132F /* Sources */,
				295D911D1E7EF1C4003C132F /* Frameworks */,
				295D911E1E7EF1C4003C132F /* Headers */,
				295D911F1E7EF1C4003C132F /* Resources */,
			);
			buildRules = (
			);
			dependencies = (
			);
			name = "QuickNote Database (macOS)";
			productName = "QuickNote Database (macOS)";
			productReference = 295D91211E7EF1C4003C132F /* QuickNote_Database.framework */;
			productType = "com.apple.product-type.framework";
		};
/* End PBXNativeTarget section */

/* Begin PBXProject section */
		295D90FB1E7EF142003C132F /* Project object */ = {
			isa = PBXProject;
			attributes = {
				LastUpgradeCheck = 0830;
				TargetAttributes = {
					295D91131E7EF1AE003C132F = {
						CreatedOnToolsVersion = 8.2.1;
						DevelopmentTeam = 34EV25UXQD;
						LastSwiftMigration = 0820;
						ProvisioningStyle = Automatic;
					};
					295D91201E7EF1C4003C132F = {
						CreatedOnToolsVersion = 8.2.1;
						DevelopmentTeam = 34EV25UXQD;
						LastSwiftMigration = 0820;
						ProvisioningStyle = Automatic;
					};
				};
			};
			buildConfigurationList = 295D90FE1E7EF142003C132F /* Build configuration list for PBXProject "QuickNote-Database" */;
			compatibilityVersion = "Xcode 3.2";
			developmentRegion = English;
			hasScannedForEncodings = 0;
			knownRegions = (
				en,
			);
			mainGroup = 295D90FA1E7EF142003C132F;
			productRefGroup = 295D91071E7EF168003C132F /* Products */;
			projectDirPath = "";
			projectRoot = "";
			targets = (
				295D91131E7EF1AE003C132F /* QuickNote Database (iOS) */,
				295D91201E7EF1C4003C132F /* QuickNote Database (macOS) */,
			);
		};
/* End PBXProject section */

/* Begin PBXResourcesBuildPhase section */
		295D91121E7EF1AE003C132F /* Resources */ = {
			isa = PBXResourcesBuildPhase;
			buildActionMask = 2147483647;
			files = (
			);
			runOnlyForDeploymentPostprocessing = 0;
		};
		295D911F1E7EF1C4003C132F /* Resources */ = {
			isa = PBXResourcesBuildPhase;
			buildActionMask = 2147483647;
			files = (
			);
			runOnlyForDeploymentPostprocessing = 0;
		};
/* End PBXResourcesBuildPhase section */

/* Begin PBXSourcesBuildPhase section */
		295D910F1E7EF1AE003C132F /* Sources */ = {
			isa = PBXSourcesBuildPhase;
			buildActionMask = 2147483647;
			files = (
				29D9C3FC1E7F07E8005292E7 /* QNDatabase.swift in Sources */,
				29D9C3ED1E7EF442005292E7 /* Database.swift in Sources */,
				29D9C3EA1E7EF434005292E7 /* Connections.swift in Sources */,
			);
			runOnlyForDeploymentPostprocessing = 0;
		};
		295D911C1E7EF1C4003C132F /* Sources */ = {
			isa = PBXSourcesBuildPhase;
			buildActionMask = 2147483647;
			files = (
				29D9C3FD1E7F07E8005292E7 /* QNDatabase.swift in Sources */,
				29D9C3EE1E7EF442005292E7 /* Database.swift in Sources */,
				29D9C3EB1E7EF434005292E7 /* Connections.swift in Sources */,
			);
			runOnlyForDeploymentPostprocessing = 0;
		};
/* End PBXSourcesBuildPhase section */

/* Begin XCBuildConfiguration section */
		295D90FF1E7EF142003C132F /* Debug */ = {
			isa = XCBuildConfiguration;
			buildSettings = {
				CLANG_WARN_BOOL_CONVERSION = YES;
				CLANG_WARN_CONSTANT_CONVERSION = YES;
				CLANG_WARN_EMPTY_BODY = YES;
				CLANG_WARN_ENUM_CONVERSION = YES;
				CLANG_WARN_INFINITE_RECURSION = YES;
				CLANG_WARN_INT_CONVERSION = YES;
				CLANG_WARN_SUSPICIOUS_MOVE = YES;
				CLANG_WARN_UNREACHABLE_CODE = YES;
				CLANG_WARN__DUPLICATE_METHOD_MATCH = YES;
				ENABLE_STRICT_OBJC_MSGSEND = YES;
				ENABLE_TESTABILITY = YES;
				GCC_NO_COMMON_BLOCKS = YES;
				GCC_WARN_64_TO_32_BIT_CONVERSION = YES;
				GCC_WARN_ABOUT_RETURN_TYPE = YES;
				GCC_WARN_UNDECLARED_SELECTOR = YES;
				GCC_WARN_UNINITIALIZED_AUTOS = YES;
				GCC_WARN_UNUSED_FUNCTION = YES;
				GCC_WARN_UNUSED_VARIABLE = YES;
				ONLY_ACTIVE_ARCH = YES;
			};
			name = Debug;
		};
		295D91001E7EF142003C132F /* Release */ = {
			isa = XCBuildConfiguration;
			buildSettings = {
				CLANG_WARN_BOOL_CONVERSION = YES;
				CLANG_WARN_CONSTANT_CONVERSION = YES;
				CLANG_WARN_EMPTY_BODY = YES;
				CLANG_WARN_ENUM_CONVERSION = YES;
				CLANG_WARN_INFINITE_RECURSION = YES;
				CLANG_WARN_INT_CONVERSION = YES;
				CLANG_WARN_SUSPICIOUS_MOVE = YES;
				CLANG_WARN_UNREACHABLE_CODE = YES;
				CLANG_WARN__DUPLICATE_METHOD_MATCH = YES;
				ENABLE_STRICT_OBJC_MSGSEND = YES;
				GCC_NO_COMMON_BLOCKS = YES;
				GCC_WARN_64_TO_32_BIT_CONVERSION = YES;
				GCC_WARN_ABOUT_RETURN_TYPE = YES;
				GCC_WARN_UNDECLARED_SELECTOR = YES;
				GCC_WARN_UNINITIALIZED_AUTOS = YES;
				GCC_WARN_UNUSED_FUNCTION = YES;
				GCC_WARN_UNUSED_VARIABLE = YES;
			};
			name = Release;
		};
		295D911A1E7EF1AE003C132F /* Debug */ = {
			isa = XCBuildConfiguration;
			buildSettings = {
				ALWAYS_SEARCH_USER_PATHS = NO;
				CLANG_ANALYZER_NONNULL = YES;
				CLANG_CXX_LANGUAGE_STANDARD = "gnu++0x";
				CLANG_CXX_LIBRARY = "libc++";
				CLANG_ENABLE_MODULES = YES;
				CLANG_ENABLE_OBJC_ARC = YES;
				CLANG_WARN_BOOL_CONVERSION = YES;
				CLANG_WARN_CONSTANT_CONVERSION = YES;
				CLANG_WARN_DIRECT_OBJC_ISA_USAGE = YES_ERROR;
				CLANG_WARN_DOCUMENTATION_COMMENTS = YES;
				CLANG_WARN_EMPTY_BODY = YES;
				CLANG_WARN_ENUM_CONVERSION = YES;
				CLANG_WARN_INFINITE_RECURSION = YES;
				CLANG_WARN_INT_CONVERSION = YES;
				CLANG_WARN_OBJC_ROOT_CLASS = YES_ERROR;
				CLANG_WARN_SUSPICIOUS_MOVE = YES;
				CLANG_WARN_UNREACHABLE_CODE = YES;
				CLANG_WARN__DUPLICATE_METHOD_MATCH = YES;
				CODE_SIGN_IDENTITY = "";
				"CODE_SIGN_IDENTITY[sdk=iphoneos*]" = "";
				COPY_PHASE_STRIP = NO;
				CURRENT_PROJECT_VERSION = 1;
				DEBUG_INFORMATION_FORMAT = dwarf;
				DEFINES_MODULE = YES;
				DEVELOPMENT_TEAM = 34EV25UXQD;
				DYLIB_COMPATIBILITY_VERSION = 1;
				DYLIB_CURRENT_VERSION = 1;
				DYLIB_INSTALL_NAME_BASE = "@rpath";
				ENABLE_STRICT_OBJC_MSGSEND = YES;
				ENABLE_TESTABILITY = YES;
				FRAMEWORK_SEARCH_PATHS = (
					"$(inherited)",
					"$(PROJECT_DIR)/**",
				);
				GCC_C_LANGUAGE_STANDARD = gnu99;
				GCC_DYNAMIC_NO_PIC = NO;
				GCC_NO_COMMON_BLOCKS = YES;
				GCC_OPTIMIZATION_LEVEL = 0;
				GCC_PREPROCESSOR_DEFINITIONS = (
					"DEBUG=1",
					"$(inherited)",
				);
				GCC_WARN_64_TO_32_BIT_CONVERSION = YES;
				GCC_WARN_ABOUT_RETURN_TYPE = YES_ERROR;
				GCC_WARN_UNDECLARED_SELECTOR = YES;
				GCC_WARN_UNINITIALIZED_AUTOS = YES_AGGRESSIVE;
				GCC_WARN_UNUSED_FUNCTION = YES;
				GCC_WARN_UNUSED_VARIABLE = YES;
				INFOPLIST_FILE = Info.plist;
				INSTALL_PATH = "$(LOCAL_LIBRARY_DIR)/Frameworks";
				IPHONEOS_DEPLOYMENT_TARGET = 10.0;
				LD_RUNPATH_SEARCH_PATHS = "$(inherited) @executable_path/Frameworks @loader_path/Frameworks";
				MTL_ENABLE_DEBUG_INFO = YES;
				ONLY_ACTIVE_ARCH = YES;
				PRODUCT_BUNDLE_IDENTIFIER = "com.zachal.QuickNote-Database";
				PRODUCT_NAME = QuickNote_Database;
				SDKROOT = iphoneos;
				SKIP_INSTALL = YES;
				SWIFT_ACTIVE_COMPILATION_CONDITIONS = DEBUG;
				SWIFT_OPTIMIZATION_LEVEL = "-Onone";
				SWIFT_VERSION = 3.0;
				TARGETED_DEVICE_FAMILY = "1,2";
				VERSIONING_SYSTEM = "apple-generic";
				VERSION_INFO_PREFIX = "";
			};
			name = Debug;
		};
		295D911B1E7EF1AE003C132F /* Release */ = {
			isa = XCBuildConfiguration;
			buildSettings = {
				ALWAYS_SEARCH_USER_PATHS = NO;
				CLANG_ANALYZER_NONNULL = YES;
				CLANG_CXX_LANGUAGE_STANDARD = "gnu++0x";
				CLANG_CXX_LIBRARY = "libc++";
				CLANG_ENABLE_MODULES = YES;
				CLANG_ENABLE_OBJC_ARC = YES;
				CLANG_WARN_BOOL_CONVERSION = YES;
				CLANG_WARN_CONSTANT_CONVERSION = YES;
				CLANG_WARN_DIRECT_OBJC_ISA_USAGE = YES_ERROR;
				CLANG_WARN_DOCUMENTATION_COMMENTS = YES;
				CLANG_WARN_EMPTY_BODY = YES;
				CLANG_WARN_ENUM_CONVERSION = YES;
				CLANG_WARN_INFINITE_RECURSION = YES;
				CLANG_WARN_INT_CONVERSION = YES;
				CLANG_WARN_OBJC_ROOT_CLASS = YES_ERROR;
				CLANG_WARN_SUSPICIOUS_MOVE = YES;
				CLANG_WARN_UNREACHABLE_CODE = YES;
				CLANG_WARN__DUPLICATE_METHOD_MATCH = YES;
				CODE_SIGN_IDENTITY = "";
				"CODE_SIGN_IDENTITY[sdk=iphoneos*]" = "";
				COPY_PHASE_STRIP = NO;
				CURRENT_PROJECT_VERSION = 1;
				DEBUG_INFORMATION_FORMAT = "dwarf-with-dsym";
				DEFINES_MODULE = YES;
				DEVELOPMENT_TEAM = 34EV25UXQD;
				DYLIB_COMPATIBILITY_VERSION = 1;
				DYLIB_CURRENT_VERSION = 1;
				DYLIB_INSTALL_NAME_BASE = "@rpath";
				ENABLE_NS_ASSERTIONS = NO;
				ENABLE_STRICT_OBJC_MSGSEND = YES;
				FRAMEWORK_SEARCH_PATHS = (
					"$(inherited)",
					"$(PROJECT_DIR)/**",
				);
				GCC_C_LANGUAGE_STANDARD = gnu99;
				GCC_NO_COMMON_BLOCKS = YES;
				GCC_WARN_64_TO_32_BIT_CONVERSION = YES;
				GCC_WARN_ABOUT_RETURN_TYPE = YES_ERROR;
				GCC_WARN_UNDECLARED_SELECTOR = YES;
				GCC_WARN_UNINITIALIZED_AUTOS = YES_AGGRESSIVE;
				GCC_WARN_UNUSED_FUNCTION = YES;
				GCC_WARN_UNUSED_VARIABLE = YES;
				INFOPLIST_FILE = Info.plist;
				INSTALL_PATH = "$(LOCAL_LIBRARY_DIR)/Frameworks";
				IPHONEOS_DEPLOYMENT_TARGET = 10.0;
				LD_RUNPATH_SEARCH_PATHS = "$(inherited) @executable_path/Frameworks @loader_path/Frameworks";
				MTL_ENABLE_DEBUG_INFO = NO;
				PRODUCT_BUNDLE_IDENTIFIER = "com.zachal.QuickNote-Database";
				PRODUCT_NAME = QuickNote_Database;
				SDKROOT = iphoneos;
				SKIP_INSTALL = YES;
				SWIFT_OPTIMIZATION_LEVEL = "-Owholemodule";
				SWIFT_VERSION = 3.0;
				TARGETED_DEVICE_FAMILY = "1,2";
				VALIDATE_PRODUCT = YES;
				VERSIONING_SYSTEM = "apple-generic";
				VERSION_INFO_PREFIX = "";
			};
			name = Release;
		};
		295D91271E7EF1C4003C132F /* Debug */ = {
			isa = XCBuildConfiguration;
			buildSettings = {
				ALWAYS_SEARCH_USER_PATHS = NO;
				CLANG_ANALYZER_NONNULL = YES;
				CLANG_CXX_LANGUAGE_STANDARD = "gnu++0x";
				CLANG_CXX_LIBRARY = "libc++";
				CLANG_ENABLE_MODULES = YES;
				CLANG_ENABLE_OBJC_ARC = YES;
				CLANG_WARN_BOOL_CONVERSION = YES;
				CLANG_WARN_CONSTANT_CONVERSION = YES;
				CLANG_WARN_DIRECT_OBJC_ISA_USAGE = YES_ERROR;
				CLANG_WARN_DOCUMENTATION_COMMENTS = YES;
				CLANG_WARN_EMPTY_BODY = YES;
				CLANG_WARN_ENUM_CONVERSION = YES;
				CLANG_WARN_INFINITE_RECURSION = YES;
				CLANG_WARN_INT_CONVERSION = YES;
				CLANG_WARN_OBJC_ROOT_CLASS = YES_ERROR;
				CLANG_WARN_SUSPICIOUS_MOVE = YES;
				CLANG_WARN_UNREACHABLE_CODE = YES;
				CLANG_WARN__DUPLICATE_METHOD_MATCH = YES;
				CODE_SIGN_IDENTITY = "-";
				COMBINE_HIDPI_IMAGES = YES;
				COPY_PHASE_STRIP = NO;
				CURRENT_PROJECT_VERSION = 1;
				DEBUG_INFORMATION_FORMAT = dwarf;
				DEFINES_MODULE = YES;
				DEVELOPMENT_TEAM = 34EV25UXQD;
				DYLIB_COMPATIBILITY_VERSION = 1;
				DYLIB_CURRENT_VERSION = 1;
				DYLIB_INSTALL_NAME_BASE = "@rpath";
				ENABLE_STRICT_OBJC_MSGSEND = YES;
				ENABLE_TESTABILITY = YES;
				FRAMEWORK_SEARCH_PATHS = (
					"$(inherited)",
					"$(PROJECT_DIR)/**",
				);
				FRAMEWORK_VERSION = A;
				GCC_C_LANGUAGE_STANDARD = gnu99;
				GCC_DYNAMIC_NO_PIC = NO;
				GCC_NO_COMMON_BLOCKS = YES;
				GCC_OPTIMIZATION_LEVEL = 0;
				GCC_PREPROCESSOR_DEFINITIONS = (
					"DEBUG=1",
					"$(inherited)",
				);
				GCC_WARN_64_TO_32_BIT_CONVERSION = YES;
				GCC_WARN_ABOUT_RETURN_TYPE = YES_ERROR;
				GCC_WARN_UNDECLARED_SELECTOR = YES;
				GCC_WARN_UNINITIALIZED_AUTOS = YES_AGGRESSIVE;
				GCC_WARN_UNUSED_FUNCTION = YES;
				GCC_WARN_UNUSED_VARIABLE = YES;
				INFOPLIST_FILE = Info.plist;
				INSTALL_PATH = "$(LOCAL_LIBRARY_DIR)/Frameworks";
				LD_RUNPATH_SEARCH_PATHS = "$(inherited) @executable_path/../Frameworks @loader_path/Frameworks";
				MACOSX_DEPLOYMENT_TARGET = 10.10;
				MTL_ENABLE_DEBUG_INFO = YES;
				ONLY_ACTIVE_ARCH = YES;
				PRODUCT_BUNDLE_IDENTIFIER = "com.zachal.QuickNote-Database";
				PRODUCT_NAME = QuickNote_Database;
				SDKROOT = macosx;
				SKIP_INSTALL = YES;
				SWIFT_ACTIVE_COMPILATION_CONDITIONS = DEBUG;
				SWIFT_OPTIMIZATION_LEVEL = "-Onone";
				SWIFT_VERSION = 3.0;
				VERSIONING_SYSTEM = "apple-generic";
				VERSION_INFO_PREFIX = "";
			};
			name = Debug;
		};
		295D91281E7EF1C4003C132F /* Release */ = {
			isa = XCBuildConfiguration;
			buildSettings = {
				ALWAYS_SEARCH_USER_PATHS = NO;
				CLANG_ANALYZER_NONNULL = YES;
				CLANG_CXX_LANGUAGE_STANDARD = "gnu++0x";
				CLANG_CXX_LIBRARY = "libc++";
				CLANG_ENABLE_MODULES = YES;
				CLANG_ENABLE_OBJC_ARC = YES;
				CLANG_WARN_BOOL_CONVERSION = YES;
				CLANG_WARN_CONSTANT_CONVERSION = YES;
				CLANG_WARN_DIRECT_OBJC_ISA_USAGE = YES_ERROR;
				CLANG_WARN_DOCUMENTATION_COMMENTS = YES;
				CLANG_WARN_EMPTY_BODY = YES;
				CLANG_WARN_ENUM_CONVERSION = YES;
				CLANG_WARN_INFINITE_RECURSION = YES;
				CLANG_WARN_INT_CONVERSION = YES;
				CLANG_WARN_OBJC_ROOT_CLASS = YES_ERROR;
				CLANG_WARN_SUSPICIOUS_MOVE = YES;
				CLANG_WARN_UNREACHABLE_CODE = YES;
				CLANG_WARN__DUPLICATE_METHOD_MATCH = YES;
				CODE_SIGN_IDENTITY = "-";
				COMBINE_HIDPI_IMAGES = YES;
				COPY_PHASE_STRIP = NO;
				CURRENT_PROJECT_VERSION = 1;
				DEBUG_INFORMATION_FORMAT = "dwarf-with-dsym";
				DEFINES_MODULE = YES;
				DEVELOPMENT_TEAM = 34EV25UXQD;
				DYLIB_COMPATIBILITY_VERSION = 1;
				DYLIB_CURRENT_VERSION = 1;
				DYLIB_INSTALL_NAME_BASE = "@rpath";
				ENABLE_NS_ASSERTIONS = NO;
				ENABLE_STRICT_OBJC_MSGSEND = YES;
				FRAMEWORK_SEARCH_PATHS = (
					"$(inherited)",
					"$(PROJECT_DIR)/**",
				);
				FRAMEWORK_VERSION = A;
				GCC_C_LANGUAGE_STANDARD = gnu99;
				GCC_NO_COMMON_BLOCKS = YES;
				GCC_WARN_64_TO_32_BIT_CONVERSION = YES;
				GCC_WARN_ABOUT_RETURN_TYPE = YES_ERROR;
				GCC_WARN_UNDECLARED_SELECTOR = YES;
				GCC_WARN_UNINITIALIZED_AUTOS = YES_AGGRESSIVE;
				GCC_WARN_UNUSED_FUNCTION = YES;
				GCC_WARN_UNUSED_VARIABLE = YES;
				INFOPLIST_FILE = Info.plist;
				INSTALL_PATH = "$(LOCAL_LIBRARY_DIR)/Frameworks";
				LD_RUNPATH_SEARCH_PATHS = "$(inherited) @executable_path/../Frameworks @loader_path/Frameworks";
				MACOSX_DEPLOYMENT_TARGET = 10.10;
				MTL_ENABLE_DEBUG_INFO = NO;
				PRODUCT_BUNDLE_IDENTIFIER = "com.zachal.QuickNote-Database";
				PRODUCT_NAME = QuickNote_Database;
				SDKROOT = macosx;
				SKIP_INSTALL = YES;
				SWIFT_OPTIMIZATION_LEVEL = "-Owholemodule";
				SWIFT_VERSION = 3.0;
				VERSIONING_SYSTEM = "apple-generic";
				VERSION_INFO_PREFIX = "";
			};
			name = Release;
		};
/* End XCBuildConfiguration section */

/* Begin XCConfigurationList section */
		295D90FE1E7EF142003C132F /* Build configuration list for PBXProject "QuickNote-Database" */ = {
			isa = XCConfigurationList;
			buildConfigurations = (
				295D90FF1E7EF142003C132F /* Debug */,
				295D91001E7EF142003C132F /* Release */,
			);
			defaultConfigurationIsVisible = 0;
			defaultConfigurationName = Release;
		};
		295D91191E7EF1AE003C132F /* Build configuration list for PBXNativeTarget "QuickNote Database (iOS)" */ = {
			isa = XCConfigurationList;
			buildConfigurations = (
				295D911A1E7EF1AE003C132F /* Debug */,
				295D911B1E7EF1AE003C132F /* Release */,
			);
			defaultConfigurationIsVisible = 0;
			defaultConfigurationName = Release;
		};
		295D91261E7EF1C4003C132F /* Build configuration list for PBXNativeTarget "QuickNote Database (macOS)" */ = {
			isa = XCConfigurationList;
			buildConfigurations = (
				295D91271E7EF1C4003C132F /* Debug */,
				295D91281E7EF1C4003C132F /* Release */,
			);
			defaultConfigurationIsVisible = 0;
			defaultConfigurationName = Release;
		};
/* End XCConfigurationList section */
	};
	rootObject = 295D90FB1E7EF142003C132F /* Project object */;
}
